
Microsoft Visual Studio Solution File, Format Version 12.00
# Visual Studio Version 17
VisualStudioVersion = 17.1.32421.90
MinimumVisualStudioVersion = 10.0.40219.1
Project("{FAE04EC0-301F-11D3-BF4B-00C04F79EFBC}") = "LoymarkAPI", "LoymarkAPI\LoymarkAPI.csproj", "{E2F1A8B4-75DA-48A2-B683-1176CB4D8075}"
EndProject
Global
	GlobalSection(SolutionConfigurationPlatforms) = preSolution
		Debug|Any CPU = Debug|Any CPU
		Release|Any CPU = Release|Any CPU
	EndGlobalSection
	GlobalSection(ProjectConfigurationPlatforms) = postSolution
		{E2F1A8B4-75DA-48A2-B683-1176CB4D8075}.Debug|Any CPU.ActiveCfg = Debug|Any CPU
		{E2F1A8B4-75DA-48A2-B683-1176CB4D8075}.Debug|Any CPU.Build.0 = Debug|Any CPU
		{E2F1A8B4-75DA-48A2-B683-1176CB4D8075}.Release|Any CPU.ActiveCfg = Release|Any CPU
		{E2F1A8B4-75DA-48A2-B683-1176CB4D8075}.Release|Any CPU.Build.0 = Release|Any CPU
	EndGlobalSection
	GlobalSection(SolutionProperties) = preSolution
		HideSolutionNode = FALSE
	EndGlobalSection
	GlobalSection(ExtensibilityGlobals) = postSolution
		SolutionGuid = {E1F25CD0-2F71-4CE9-A72A-0A497A4E347A}
	EndGlobalSection
EndGlobal
